// !$*UTF8*$!
{
	archiveVersion = 1;
	classes = {
	};
	objectVersion = 55;
	objects = {

/* Begin PBXBuildFile section */
		44D2703C29784B870085116C /* AppDelegate.swift in Sources */ = {isa = PBXBuildFile; fileRef = 44D2703B29784B870085116C /* AppDelegate.swift */; };
		44D2703E29784B870085116C /* SceneDelegate.swift in Sources */ = {isa = PBXBuildFile; fileRef = 44D2703D29784B870085116C /* SceneDelegate.swift */; };
		44D2704029784B870085116C /* ViewController.swift in Sources */ = {isa = PBXBuildFile; fileRef = 44D2703F29784B870085116C /* ViewController.swift */; };
		44D2704329784B870085116C /* Main.storyboard in Resources */ = {isa = PBXBuildFile; fileRef = 44D2704129784B870085116C /* Main.storyboard */; };
		44D2704529784B880085116C /* Assets.xcassets in Resources */ = {isa = PBXBuildFile; fileRef = 44D2704429784B880085116C /* Assets.xcassets */; };
		44D2704829784B880085116C /* LaunchScreen.storyboard in Resources */ = {isa = PBXBuildFile; fileRef = 44D2704629784B880085116C /* LaunchScreen.storyboard */; };
		E7853C5062731D9B0FA772DA /* Pods_LivenessSampleiOS.framework in Frameworks */ = {isa = PBXBuildFile; fileRef = 2780EA92BF9DB70B46E97ADC /* Pods_LivenessSampleiOS.framework */; };
/* End PBXBuildFile section */

/* Begin PBXFileReference section */
		2780EA92BF9DB70B46E97ADC /* Pods_LivenessSampleiOS.framework */ = {isa = PBXFileReference; explicitFileType = wrapper.framework; includeInIndex = 0; path = Pods_LivenessSampleiOS.framework; sourceTree = BUILT_PRODUCTS_DIR; };
		44D2703829784B870085116C /* LivenessSampleiOS.app */ = {isa = PBXFileReference; explicitFileType = wrapper.application; includeInIndex = 0; path = LivenessSampleiOS.app; sourceTree = BUILT_PRODUCTS_DIR; };
		44D2703B29784B870085116C /* AppDelegate.swift */ = {isa = PBXFileReference; lastKnownFileType = sourcecode.swift; path = AppDelegate.swift; sourceTree = "<group>"; };
		44D2703D29784B870085116C /* SceneDelegate.swift */ = {isa = PBXFileReference; lastKnownFileType = sourcecode.swift; path = SceneDelegate.swift; sourceTree = "<group>"; };
		44D2703F29784B870085116C /* ViewController.swift */ = {isa = PBXFileReference; lastKnownFileType = sourcecode.swift; path = ViewController.swift; sourceTree = "<group>"; };
		44D2704229784B870085116C /* Base */ = {isa = PBXFileReference; lastKnownFileType = file.storyboard; name = Base; path = Base.lproj/Main.storyboard; sourceTree = "<group>"; };
		44D2704429784B880085116C /* Assets.xcassets */ = {isa = PBXFileReference; lastKnownFileType = folder.assetcatalog; path = Assets.xcassets; sourceTree = "<group>"; };
		44D2704729784B880085116C /* Base */ = {isa = PBXFileReference; lastKnownFileType = file.storyboard; name = Base; path = Base.lproj/LaunchScreen.storyboard; sourceTree = "<group>"; };
		44D2704929784B880085116C /* Info.plist */ = {isa = PBXFileReference; lastKnownFileType = text.plist.xml; path = Info.plist; sourceTree = "<group>"; };
		48434DD51AF380F9E9F58ECB /* Pods-LivenessSampleiOS.debug.xcconfig */ = {isa = PBXFileReference; includeInIndex = 1; lastKnownFileType = text.xcconfig; name = "Pods-LivenessSampleiOS.debug.xcconfig"; path = "Target Support Files/Pods-LivenessSampleiOS/Pods-LivenessSampleiOS.debug.xcconfig"; sourceTree = "<group>"; };
		F32E4D527D4EDF4641813825 /* Pods-LivenessSampleiOS.release.xcconfig */ = {isa = PBXFileReference; includeInIndex = 1; lastKnownFileType = text.xcconfig; name = "Pods-LivenessSampleiOS.release.xcconfig"; path = "Target Support Files/Pods-LivenessSampleiOS/Pods-LivenessSampleiOS.release.xcconfig"; sourceTree = "<group>"; };
/* End PBXFileReference section */

/* Begin PBXFrameworksBuildPhase section */
		44D2703529784B870085116C /* Frameworks */ = {
			isa = PBXFrameworksBuildPhase;
			buildActionMask = 2147483647;
			files = (
				E7853C5062731D9B0FA772DA /* Pods_LivenessSampleiOS.framework in Frameworks */,
			);
			runOnlyForDeploymentPostprocessing = 0;
		};
/* End PBXFrameworksBuildPhase section */

/* Begin PBXGroup section */
		44D2702F29784B870085116C = {
			isa = PBXGroup;
			children = (
				44D2703A29784B870085116C /* LivenessSampleiOS */,
				44D2703929784B870085116C /* Products */,
				7C2C3CA13DA22551322962F4 /* Pods */,
				A663E64D18A67124B727B714 /* Frameworks */,
			);
			sourceTree = "<group>";
		};
		44D2703929784B870085116C /* Products */ = {
			isa = PBXGroup;
			children = (
				44D2703829784B870085116C /* LivenessSampleiOS.app */,
			);
			name = Products;
			sourceTree = "<group>";
		};
		44D2703A29784B870085116C /* LivenessSampleiOS */ = {
			isa = PBXGroup;
			children = (
				44D2703B29784B870085116C /* AppDelegate.swift */,
				44D2703D29784B870085116C /* SceneDelegate.swift */,
				44D2703F29784B870085116C /* ViewController.swift */,
				44D2704129784B870085116C /* Main.storyboard */,
				44D2704429784B880085116C /* Assets.xcassets */,
				44D2704629784B880085116C /* LaunchScreen.storyboard */,
				44D2704929784B880085116C /* Info.plist */,
			);
			path = LivenessSampleiOS;
			sourceTree = "<group>";
		};
		7C2C3CA13DA22551322962F4 /* Pods */ = {
			isa = PBXGroup;
			children = (
				48434DD51AF380F9E9F58ECB /* Pods-LivenessSampleiOS.debug.xcconfig */,
				F32E4D527D4EDF4641813825 /* Pods-LivenessSampleiOS.release.xcconfig */,
			);
			path = Pods;
			sourceTree = "<group>";
		};
		A663E64D18A67124B727B714 /* Frameworks */ = {
			isa = PBXGroup;
			children = (
				2780EA92BF9DB70B46E97ADC /* Pods_LivenessSampleiOS.framework */,
			);
			name = Frameworks;
			sourceTree = "<group>";
		};
/* End PBXGroup section */

/* Begin PBXNativeTarget section */
		44D2703729784B870085116C /* LivenessSampleiOS */ = {
			isa = PBXNativeTarget;
			buildConfigurationList = 44D2704C29784B880085116C /* Build configuration list for PBXNativeTarget "LivenessSampleiOS" */;
			buildPhases = (
				35B26FABEFA938C6A99C49D2 /* [CP] Check Pods Manifest.lock */,
				44D2703429784B870085116C /* Sources */,
				44D2703529784B870085116C /* Frameworks */,
				44D2703629784B870085116C /* Resources */,
				8E541D0EA8C212B67F5A2B1D /* [CP] Embed Pods Frameworks */,
			);
			buildRules = (
			);
			dependencies = (
			);
			name = LivenessSampleiOS;
			productName = LivenessSampleiOS;
			productReference = 44D2703829784B870085116C /* LivenessSampleiOS.app */;
			productType = "com.apple.product-type.application";
		};
/* End PBXNativeTarget section */

/* Begin PBXProject section */
		44D2703029784B870085116C /* Project object */ = {
			isa = PBXProject;
			attributes = {
				BuildIndependentTargetsInParallel = 1;
				LastSwiftUpdateCheck = 1420;
				LastUpgradeCheck = 1420;
				TargetAttributes = {
					44D2703729784B870085116C = {
						CreatedOnToolsVersion = 14.2;
					};
				};
			};
			buildConfigurationList = 44D2703329784B870085116C /* Build configuration list for PBXProject "LivenessSampleiOS" */;
			compatibilityVersion = "Xcode 13.0";
			developmentRegion = en;
			hasScannedForEncodings = 0;
			knownRegions = (
				en,
				Base,
			);
			mainGroup = 44D2702F29784B870085116C;
			productRefGroup = 44D2703929784B870085116C /* Products */;
			projectDirPath = "";
			projectRoot = "";
			targets = (
				44D2703729784B870085116C /* LivenessSampleiOS */,
			);
		};
/* End PBXProject section */

/* Begin PBXResourcesBuildPhase section */
		44D2703629784B870085116C /* Resources */ = {
			isa = PBXResourcesBuildPhase;
			buildActionMask = 2147483647;
			files = (
				44D2704829784B880085116C /* LaunchScreen.storyboard in Resources */,
				44D2704529784B880085116C /* Assets.xcassets in Resources */,
				44D2704329784B870085116C /* Main.storyboard in Resources */,
			);
			runOnlyForDeploymentPostprocessing = 0;
		};
/* End PBXResourcesBuildPhase section */

/* Begin PBXShellScriptBuildPhase section */
		35B26FABEFA938C6A99C49D2 /* [CP] Check Pods Manifest.lock */ = {
			isa = PBXShellScriptBuildPhase;
			buildActionMask = 2147483647;
			files = (
			);
			inputFileListPaths = (
			);
			inputPaths = (
				"${PODS_PODFILE_DIR_PATH}/Podfile.lock",
				"${PODS_ROOT}/Manifest.lock",
			);
			name = "[CP] Check Pods Manifest.lock";
			outputFileListPaths = (
			);
			outputPaths = (
				"$(DERIVED_FILE_DIR)/Pods-LivenessSampleiOS-checkManifestLockResult.txt",
			);
			runOnlyForDeploymentPostprocessing = 0;
			shellPath = /bin/sh;
			shellScript = "diff \"${PODS_PODFILE_DIR_PATH}/Podfile.lock\" \"${PODS_ROOT}/Manifest.lock\" > /dev/null\nif [ $? != 0 ] ; then\n    # print error to STDERR\n    echo \"error: The sandbox is not in sync with the Podfile.lock. Run 'pod install' or update your CocoaPods installation.\" >&2\n    exit 1\nfi\n# This output is used by Xcode 'outputs' to avoid re-running this script phase.\necho \"SUCCESS\" > \"${SCRIPT_OUTPUT_FILE_0}\"\n";
			showEnvVarsInLog = 0;
		};
		8E541D0EA8C212B67F5A2B1D /* [CP] Embed Pods Frameworks */ = {
			isa = PBXShellScriptBuildPhase;
			buildActionMask = 2147483647;
			files = (
			);
			inputFileListPaths = (
				"${PODS_ROOT}/Target Support Files/Pods-LivenessSampleiOS/Pods-LivenessSampleiOS-frameworks-${CONFIGURATION}-input-files.xcfilelist",
			);
			name = "[CP] Embed Pods Frameworks";
			outputFileListPaths = (
				"${PODS_ROOT}/Target Support Files/Pods-LivenessSampleiOS/Pods-LivenessSampleiOS-frameworks-${CONFIGURATION}-output-files.xcfilelist",
			);
			runOnlyForDeploymentPostprocessing = 0;
			shellPath = /bin/sh;
			shellScript = "\"${PODS_ROOT}/Target Support Files/Pods-LivenessSampleiOS/Pods-LivenessSampleiOS-frameworks.sh\"\n";
			showEnvVarsInLog = 0;
		};
/* End PBXShellScriptBuildPhase section */

/* Begin PBXSourcesBuildPhase section */
		44D2703429784B870085116C /* Sources */ = {
			isa = PBXSourcesBuildPhase;
			buildActionMask = 2147483647;
			files = (
				44D2704029784B870085116C /* ViewController.swift in Sources */,
				44D2703C29784B870085116C /* AppDelegate.swift in Sources */,
				44D2703E29784B870085116C /* SceneDelegate.swift in Sources */,
			);
			runOnlyForDeploymentPostprocessing = 0;
		};
/* End PBXSourcesBuildPhase section */

/* Begin PBXVariantGroup section */
		44D2704129784B870085116C /* Main.storyboard */ = {
			isa = PBXVariantGroup;
			children = (
				44D2704229784B870085116C /* Base */,
			);
			name = Main.storyboard;
			sourceTree = "<group>";
		};
		44D2704629784B880085116C /* LaunchScreen.storyboard */ = {
			isa = PBXVariantGroup;
			children = (
				44D2704729784B880085116C /* Base */,
			);
			name = LaunchScreen.storyboard;
			sourceTree = "<group>";
		};
/* End PBXVariantGroup section */

/* Begin XCBuildConfiguration section */
		44D2704A29784B880085116C /* Debug */ = {
			isa = XCBuildConfiguration;
			buildSettings = {
				ALWAYS_SEARCH_USER_PATHS = NO;
				CLANG_ANALYZER_NONNULL = YES;
				CLANG_ANALYZER_NUMBER_OBJECT_CONVERSION = YES_AGGRESSIVE;
				CLANG_CXX_LANGUAGE_STANDARD = "gnu++20";
				CLANG_ENABLE_MODULES = YES;
				CLANG_ENABLE_OBJC_ARC = YES;
				CLANG_ENABLE_OBJC_WEAK = YES;
				CLANG_WARN_BLOCK_CAPTURE_AUTORELEASING = YES;
				CLANG_WARN_BOOL_CONVERSION = YES;
				CLANG_WARN_COMMA = YES;
				CLANG_WARN_CONSTANT_CONVERSION = YES;
				CLANG_WARN_DEPRECATED_OBJC_IMPLEMENTATIONS = YES;
				CLANG_WARN_DIRECT_OBJC_ISA_USAGE = YES_ERROR;
				CLANG_WARN_DOCUMENTATION_COMMENTS = YES;
				CLANG_WARN_EMPTY_BODY = YES;
				CLANG_WARN_ENUM_CONVERSION = YES;
				CLANG_WARN_INFINITE_RECURSION = YES;
				CLANG_WARN_INT_CONVERSION = YES;
				CLANG_WARN_NON_LITERAL_NULL_CONVERSION = YES;
				CLANG_WARN_OBJC_IMPLICIT_RETAIN_SELF = YES;
				CLANG_WARN_OBJC_LITERAL_CONVERSION = YES;
				CLANG_WARN_OBJC_ROOT_CLASS = YES_ERROR;
				CLANG_WARN_QUOTED_INCLUDE_IN_FRAMEWORK_HEADER = YES;
				CLANG_WARN_RANGE_LOOP_ANALYSIS = YES;
				CLANG_WARN_STRICT_PROTOTYPES = YES;
				CLANG_WARN_SUSPICIOUS_MOVE = YES;
				CLANG_WARN_UNGUARDED_AVAILABILITY = YES_AGGRESSIVE;
				CLANG_WARN_UNREACHABLE_CODE = YES;
				CLANG_WARN__DUPLICATE_METHOD_MATCH = YES;
				COPY_PHASE_STRIP = NO;
				DEBUG_INFORMATION_FORMAT = dwarf;
				ENABLE_STRICT_OBJC_MSGSEND = YES;
				ENABLE_TESTABILITY = YES;
				GCC_C_LANGUAGE_STANDARD = gnu11;
				GCC_DYNAMIC_NO_PIC = NO;
				GCC_NO_COMMON_BLOCKS = YES;
				GCC_OPTIMIZATION_LEVEL = 0;
				GCC_PREPROCESSOR_DEFINITIONS = (
					"DEBUG=1",
					"$(inherited)",
				);
				GCC_WARN_64_TO_32_BIT_CONVERSION = YES;
				GCC_WARN_ABOUT_RETURN_TYPE = YES_ERROR;
				GCC_WARN_UNDECLARED_SELECTOR = YES;
				GCC_WARN_UNINITIALIZED_AUTOS = YES_AGGRESSIVE;
				GCC_WARN_UNUSED_FUNCTION = YES;
				GCC_WARN_UNUSED_VARIABLE = YES;
				IPHONEOS_DEPLOYMENT_TARGET = 14.0;
				MTL_ENABLE_DEBUG_INFO = INCLUDE_SOURCE;
				MTL_FAST_MATH = YES;
				ONLY_ACTIVE_ARCH = YES;
				SDKROOT = iphoneos;
				SWIFT_ACTIVE_COMPILATION_CONDITIONS = DEBUG;
				SWIFT_OPTIMIZATION_LEVEL = "-Onone";
			};
			name = Debug;
		};
		44D2704B29784B880085116C /* Release */ = {
			isa = XCBuildConfiguration;
			buildSettings = {
				ALWAYS_SEARCH_USER_PATHS = NO;
				CLANG_ANALYZER_NONNULL = YES;
				CLANG_ANALYZER_NUMBER_OBJECT_CONVERSION = YES_AGGRESSIVE;
				CLANG_CXX_LANGUAGE_STANDARD = "gnu++20";
				CLANG_ENABLE_MODULES = YES;
				CLANG_ENABLE_OBJC_ARC = YES;
				CLANG_ENABLE_OBJC_WEAK = YES;
				CLANG_WARN_BLOCK_CAPTURE_AUTORELEASING = YES;
				CLANG_WARN_BOOL_CONVERSION = YES;
				CLANG_WARN_COMMA = YES;
				CLANG_WARN_CONSTANT_CONVERSION = YES;
				CLANG_WARN_DEPRECATED_OBJC_IMPLEMENTATIONS = YES;
				CLANG_WARN_DIRECT_OBJC_ISA_USAGE = YES_ERROR;
				CLANG_WARN_DOCUMENTATION_COMMENTS = YES;
				CLANG_WARN_EMPTY_BODY = YES;
				CLANG_WARN_ENUM_CONVERSION = YES;
				CLANG_WARN_INFINITE_RECURSION = YES;
				CLANG_WARN_INT_CONVERSION = YES;
				CLANG_WARN_NON_LITERAL_NULL_CONVERSION = YES;
				CLANG_WARN_OBJC_IMPLICIT_RETAIN_SELF = YES;
				CLANG_WARN_OBJC_LITERAL_CONVERSION = YES;
				CLANG_WARN_OBJC_ROOT_CLASS = YES_ERROR;
				CLANG_WARN_QUOTED_INCLUDE_IN_FRAMEWORK_HEADER = YES;
				CLANG_WARN_RANGE_LOOP_ANALYSIS = YES;
				CLANG_WARN_STRICT_PROTOTYPES = YES;
				CLANG_WARN_SUSPICIOUS_MOVE = YES;
				CLANG_WARN_UNGUARDED_AVAILABILITY = YES_AGGRESSIVE;
				CLANG_WARN_UNREACHABLE_CODE = YES;
				CLANG_WARN__DUPLICATE_METHOD_MATCH = YES;
				COPY_PHASE_STRIP = NO;
				DEBUG_INFORMATION_FORMAT = "dwarf-with-dsym";
				ENABLE_NS_ASSERTIONS = NO;
				ENABLE_STRICT_OBJC_MSGSEND = YES;
				GCC_C_LANGUAGE_STANDARD = gnu11;
				GCC_NO_COMMON_BLOCKS = YES;
				GCC_WARN_64_TO_32_BIT_CONVERSION = YES;
				GCC_WARN_ABOUT_RETURN_TYPE = YES_ERROR;
				GCC_WARN_UNDECLARED_SELECTOR = YES;
				GCC_WARN_UNINITIALIZED_AUTOS = YES_AGGRESSIVE;
				GCC_WARN_UNUSED_FUNCTION = YES;
				GCC_WARN_UNUSED_VARIABLE = YES;
				IPHONEOS_DEPLOYMENT_TARGET = 14.0;
				MTL_ENABLE_DEBUG_INFO = NO;
				MTL_FAST_MATH = YES;
				SDKROOT = iphoneos;
				SWIFT_COMPILATION_MODE = wholemodule;
				SWIFT_OPTIMIZATION_LEVEL = "-O";
				VALIDATE_PRODUCT = YES;
			};
			name = Release;
		};
		44D2704D29784B880085116C /* Debug */ = {
			isa = XCBuildConfiguration;
			baseConfigurationReference = 48434DD51AF380F9E9F58ECB /* Pods-LivenessSampleiOS.debug.xcconfig */;
			buildSettings = {
				ASSETCATALOG_COMPILER_APPICON_NAME = AppIcon;
				ASSETCATALOG_COMPILER_GLOBAL_ACCENT_COLOR_NAME = AccentColor;
				CODE_SIGN_STYLE = Automatic;
				CURRENT_PROJECT_VERSION = 1;
				DEVELOPMENT_TEAM = YQJQDZWXEL;
				GENERATE_INFOPLIST_FILE = YES;
				INFOPLIST_FILE = LivenessSampleiOS/Info.plist;
				INFOPLIST_KEY_UIApplicationSupportsIndirectInputEvents = YES;
				INFOPLIST_KEY_UILaunchStoryboardName = LaunchScreen;
				INFOPLIST_KEY_UIMainStoryboardFile = Main;
				INFOPLIST_KEY_UISupportedInterfaceOrientations = "UIInterfaceOrientationLandscapeLeft UIInterfaceOrientationLandscapeRight UIInterfaceOrientationPortrait";
				INFOPLIST_KEY_UISupportedInterfaceOrientations_iPad = "UIInterfaceOrientationLandscapeLeft UIInterfaceOrientationLandscapeRight UIInterfaceOrientationPortrait UIInterfaceOrientationPortraitUpsideDown";
				IPHONEOS_DEPLOYMENT_TARGET = 14.0;
				LD_RUNPATH_SEARCH_PATHS = (
					"$(inherited)",
					"@executable_path/Frameworks",
				);
				MARKETING_VERSION = 1.0;
				PRODUCT_BUNDLE_IDENTIFIER = br.com.clearsale.LivenessSampleiOS;
				PRODUCT_NAME = "$(TARGET_NAME)";
				SWIFT_EMIT_LOC_STRINGS = YES;
				SWIFT_VERSION = 5.0;
				TARGETED_DEVICE_FAMILY = "1,2";
			};
			name = Debug;
		};
		44D2704E29784B880085116C /* Release */ = {
			isa = XCBuildConfiguration;
			baseConfigurationReference = F32E4D527D4EDF4641813825 /* Pods-LivenessSampleiOS.release.xcconfig */;
			buildSettings = {
				ASSETCATALOG_COMPILER_APPICON_NAME = AppIcon;
				ASSETCATALOG_COMPILER_GLOBAL_ACCENT_COLOR_NAME = AccentColor;
				CODE_SIGN_STYLE = Automatic;
				CURRENT_PROJECT_VERSION = 1;
				DEVELOPMENT_TEAM = YQJQDZWXEL;
				GENERATE_INFOPLIST_FILE = YES;
				INFOPLIST_FILE = LivenessSampleiOS/Info.plist;
				INFOPLIST_KEY_UIApplicationSupportsIndirectInputEvents = YES;
				INFOPLIST_KEY_UILaunchStoryboardName = LaunchScreen;
				INFOPLIST_KEY_UIMainStoryboardFile = Main;
				INFOPLIST_KEY_UISupportedInterfaceOrientations = "UIInterfaceOrientationLandscapeLeft UIInterfaceOrientationLandscapeRight UIInterfaceOrientationPortrait";
				INFOPLIST_KEY_UISupportedInterfaceOrientations_iPad = "UIInterfaceOrientationLandscapeLeft UIInterfaceOrientationLandscapeRight UIInterfaceOrientationPortrait UIInterfaceOrientationPortraitUpsideDown";
				IPHONEOS_DEPLOYMENT_TARGET = 14.0;
				LD_RUNPATH_SEARCH_PATHS = (
					"$(inherited)",
					"@executable_path/Frameworks",
				);
				MARKETING_VERSION = 1.0;
				PRODUCT_BUNDLE_IDENTIFIER = br.com.clearsale.LivenessSampleiOS;
				PRODUCT_NAME = "$(TARGET_NAME)";
				SWIFT_EMIT_LOC_STRINGS = YES;
				SWIFT_VERSION = 5.0;
				TARGETED_DEVICE_FAMILY = "1,2";
			};
			name = Release;
		};
/* End XCBuildConfiguration section */

/* Begin XCConfigurationList section */
		44D2703329784B870085116C /* Build configuration list for PBXProject "LivenessSampleiOS" */ = {
			isa = XCConfigurationList;
			buildConfigurations = (
				44D2704A29784B880085116C /* Debug */,
				44D2704B29784B880085116C /* Release */,
			);
			defaultConfigurationIsVisible = 0;
			defaultConfigurationName = Release;
		};
		44D2704C29784B880085116C /* Build configuration list for PBXNativeTarget "LivenessSampleiOS" */ = {
			isa = XCConfigurationList;
			buildConfigurations = (
				44D2704D29784B880085116C /* Debug */,
				44D2704E29784B880085116C /* Release */,
			);
			defaultConfigurationIsVisible = 0;
			defaultConfigurationName = Release;
		};
/* End XCConfigurationList section */
	};
	rootObject = 44D2703029784B870085116C /* Project object */;
}
